// !$*UTF8*$!
{
	archiveVersion = 1;
	classes = {
	};
	objectVersion = 51;
	objects = {

/* Begin PBXBuildFile section */
		1A162A9925680603004FA64A /* AppDelegate.swift in Sources */ = {isa = PBXBuildFile; fileRef = 1A162A9825680603004FA64A /* AppDelegate.swift */; };
		1A162A9B25680603004FA64A /* SceneDelegate.swift in Sources */ = {isa = PBXBuildFile; fileRef = 1A162A9A25680603004FA64A /* SceneDelegate.swift */; };
		1A162A9D25680603004FA64A /* TodoListViewController.swift in Sources */ = {isa = PBXBuildFile; fileRef = 1A162A9C25680603004FA64A /* TodoListViewController.swift */; };
		1A162AB025680606004FA64A /* RxTodoTests.swift in Sources */ = {isa = PBXBuildFile; fileRef = 1A162AAF25680606004FA64A /* RxTodoTests.swift */; };
		1A162ABB25680606004FA64A /* RxTodoUITests.swift in Sources */ = {isa = PBXBuildFile; fileRef = 1A162ABA25680606004FA64A /* RxTodoUITests.swift */; };
		1A162ADB256806D1004FA64A /* Main.storyboard in Resources */ = {isa = PBXBuildFile; fileRef = 1A162AD9256806D1004FA64A /* Main.storyboard */; };
		1A162ADC256806D1004FA64A /* LaunchScreen.storyboard in Resources */ = {isa = PBXBuildFile; fileRef = 1A162ADA256806D1004FA64A /* LaunchScreen.storyboard */; };
		1A162AE1256806DB004FA64A /* Assets.xcassets in Resources */ = {isa = PBXBuildFile; fileRef = 1A162AE0256806DB004FA64A /* Assets.xcassets */; };
		1A162AEB25680925004FA64A /* TodoItem.swift in Sources */ = {isa = PBXBuildFile; fileRef = 1A162AEA25680925004FA64A /* TodoItem.swift */; };
		1A711E262568F73F00440750 /* TodoListTableView.swift in Sources */ = {isa = PBXBuildFile; fileRef = 1A711E252568F73F00440750 /* TodoListTableView.swift */; };
		1A711E2B2568F78E00440750 /* TodoListViewConfingure.swift in Sources */ = {isa = PBXBuildFile; fileRef = 1A711E2A2568F78E00440750 /* TodoListViewConfingure.swift */; };
		1A77503B2568DD8000DE0AE6 /* TodoDetailViewController.swift in Sources */ = {isa = PBXBuildFile; fileRef = 1A77503A2568DD8000DE0AE6 /* TodoDetailViewController.swift */; };
		3FEBF5C517224668E4EE7B58 /* Pods_RxTodo.framework in Frameworks */ = {isa = PBXBuildFile; fileRef = C014706F3E0C9E8BF8FA8E16 /* Pods_RxTodo.framework */; };
/* End PBXBuildFile section */

/* Begin PBXContainerItemProxy section */
		1A162AAC25680606004FA64A /* PBXContainerItemProxy */ = {
			isa = PBXContainerItemProxy;
			containerPortal = 1A162A8D25680603004FA64A /* Project object */;
			proxyType = 1;
			remoteGlobalIDString = 1A162A9425680603004FA64A;
			remoteInfo = RxTodo;
		};
		1A162AB725680606004FA64A /* PBXContainerItemProxy */ = {
			isa = PBXContainerItemProxy;
			containerPortal = 1A162A8D25680603004FA64A /* Project object */;
			proxyType = 1;
			remoteGlobalIDString = 1A162A9425680603004FA64A;
			remoteInfo = RxTodo;
		};
/* End PBXContainerItemProxy section */

/* Begin PBXFileReference section */
		1A162A9525680603004FA64A /* RxTodo.app */ = {isa = PBXFileReference; explicitFileType = wrapper.application; includeInIndex = 0; path = RxTodo.app; sourceTree = BUILT_PRODUCTS_DIR; };
		1A162A9825680603004FA64A /* AppDelegate.swift */ = {isa = PBXFileReference; lastKnownFileType = sourcecode.swift; path = AppDelegate.swift; sourceTree = "<group>"; };
		1A162A9A25680603004FA64A /* SceneDelegate.swift */ = {isa = PBXFileReference; lastKnownFileType = sourcecode.swift; path = SceneDelegate.swift; sourceTree = "<group>"; };
		1A162A9C25680603004FA64A /* TodoListViewController.swift */ = {isa = PBXFileReference; lastKnownFileType = sourcecode.swift; path = TodoListViewController.swift; sourceTree = "<group>"; };
		1A162AA625680606004FA64A /* Info.plist */ = {isa = PBXFileReference; lastKnownFileType = text.plist.xml; path = Info.plist; sourceTree = "<group>"; };
		1A162AAB25680606004FA64A /* RxTodoTests.xctest */ = {isa = PBXFileReference; explicitFileType = wrapper.cfbundle; includeInIndex = 0; path = RxTodoTests.xctest; sourceTree = BUILT_PRODUCTS_DIR; };
		1A162AAF25680606004FA64A /* RxTodoTests.swift */ = {isa = PBXFileReference; lastKnownFileType = sourcecode.swift; path = RxTodoTests.swift; sourceTree = "<group>"; };
		1A162AB125680606004FA64A /* Info.plist */ = {isa = PBXFileReference; lastKnownFileType = text.plist.xml; path = Info.plist; sourceTree = "<group>"; };
		1A162AB625680606004FA64A /* RxTodoUITests.xctest */ = {isa = PBXFileReference; explicitFileType = wrapper.cfbundle; includeInIndex = 0; path = RxTodoUITests.xctest; sourceTree = BUILT_PRODUCTS_DIR; };
		1A162ABA25680606004FA64A /* RxTodoUITests.swift */ = {isa = PBXFileReference; lastKnownFileType = sourcecode.swift; path = RxTodoUITests.swift; sourceTree = "<group>"; };
		1A162ABC25680606004FA64A /* Info.plist */ = {isa = PBXFileReference; lastKnownFileType = text.plist.xml; path = Info.plist; sourceTree = "<group>"; };
		1A162AD9256806D1004FA64A /* Main.storyboard */ = {isa = PBXFileReference; fileEncoding = 4; lastKnownFileType = file.storyboard; path = Main.storyboard; sourceTree = "<group>"; };
		1A162ADA256806D1004FA64A /* LaunchScreen.storyboard */ = {isa = PBXFileReference; fileEncoding = 4; lastKnownFileType = file.storyboard; path = LaunchScreen.storyboard; sourceTree = "<group>"; };
		1A162AE0256806DB004FA64A /* Assets.xcassets */ = {isa = PBXFileReference; lastKnownFileType = folder.assetcatalog; path = Assets.xcassets; sourceTree = "<group>"; };
		1A162AEA25680925004FA64A /* TodoItem.swift */ = {isa = PBXFileReference; lastKnownFileType = sourcecode.swift; path = TodoItem.swift; sourceTree = "<group>"; };
		1A711E252568F73F00440750 /* TodoListTableView.swift */ = {isa = PBXFileReference; lastKnownFileType = sourcecode.swift; path = TodoListTableView.swift; sourceTree = "<group>"; };
		1A711E2A2568F78E00440750 /* TodoListViewConfingure.swift */ = {isa = PBXFileReference; lastKnownFileType = sourcecode.swift; path = TodoListViewConfingure.swift; sourceTree = "<group>"; };
		1A77503A2568DD8000DE0AE6 /* TodoDetailViewController.swift */ = {isa = PBXFileReference; lastKnownFileType = sourcecode.swift; path = TodoDetailViewController.swift; sourceTree = "<group>"; };
		1E3FC948756B69286135357E /* Pods-RxTodo.release.xcconfig */ = {isa = PBXFileReference; includeInIndex = 1; lastKnownFileType = text.xcconfig; name = "Pods-RxTodo.release.xcconfig"; path = "Target Support Files/Pods-RxTodo/Pods-RxTodo.release.xcconfig"; sourceTree = "<group>"; };
		42E4B12EB12186ABE0DDD6E9 /* Pods-RxTodo.debug.xcconfig */ = {isa = PBXFileReference; includeInIndex = 1; lastKnownFileType = text.xcconfig; name = "Pods-RxTodo.debug.xcconfig"; path = "Target Support Files/Pods-RxTodo/Pods-RxTodo.debug.xcconfig"; sourceTree = "<group>"; };
		C014706F3E0C9E8BF8FA8E16 /* Pods_RxTodo.framework */ = {isa = PBXFileReference; explicitFileType = wrapper.framework; includeInIndex = 0; path = Pods_RxTodo.framework; sourceTree = BUILT_PRODUCTS_DIR; };
/* End PBXFileReference section */

/* Begin PBXFrameworksBuildPhase section */
		1A162A9225680603004FA64A /* Frameworks */ = {
			isa = PBXFrameworksBuildPhase;
			buildActionMask = 2147483647;
			files = (
				3FEBF5C517224668E4EE7B58 /* Pods_RxTodo.framework in Frameworks */,
			);
			runOnlyForDeploymentPostprocessing = 0;
		};
		1A162AA825680606004FA64A /* Frameworks */ = {
			isa = PBXFrameworksBuildPhase;
			buildActionMask = 2147483647;
			files = (
			);
			runOnlyForDeploymentPostprocessing = 0;
		};
		1A162AB325680606004FA64A /* Frameworks */ = {
			isa = PBXFrameworksBuildPhase;
			buildActionMask = 2147483647;
			files = (
			);
			runOnlyForDeploymentPostprocessing = 0;
		};
/* End PBXFrameworksBuildPhase section */

/* Begin PBXGroup section */
		1A162A8C25680603004FA64A = {
			isa = PBXGroup;
			children = (
				1A162A9725680603004FA64A /* RxTodo */,
				1A162AAE25680606004FA64A /* RxTodoTests */,
				1A162AB925680606004FA64A /* RxTodoUITests */,
				1A162A9625680603004FA64A /* Products */,
				540A13C2C728153D4A28C5D0 /* Pods */,
				8F5D8188ABFC80CB49169DF3 /* Frameworks */,
			);
			sourceTree = "<group>";
		};
		1A162A9625680603004FA64A /* Products */ = {
			isa = PBXGroup;
			children = (
				1A162A9525680603004FA64A /* RxTodo.app */,
				1A162AAB25680606004FA64A /* RxTodoTests.xctest */,
				1A162AB625680606004FA64A /* RxTodoUITests.xctest */,
			);
			name = Products;
			sourceTree = "<group>";
		};
		1A162A9725680603004FA64A /* RxTodo */ = {
			isa = PBXGroup;
			children = (
				1A162AE8256808ED004FA64A /* Controllers */,
				1A162AE9256808FF004FA64A /* Models */,
				1A7B44ED25680C3D00A58ACE /* Helpers */,
				1A162A9825680603004FA64A /* AppDelegate.swift */,
				1A162A9A25680603004FA64A /* SceneDelegate.swift */,
				1A162ADA256806D1004FA64A /* LaunchScreen.storyboard */,
				1A162AD9256806D1004FA64A /* Main.storyboard */,
				1A162AE0256806DB004FA64A /* Assets.xcassets */,
				1A162AA625680606004FA64A /* Info.plist */,
			);
			path = RxTodo;
			sourceTree = "<group>";
		};
		1A162AAE25680606004FA64A /* RxTodoTests */ = {
			isa = PBXGroup;
			children = (
				1A162AAF25680606004FA64A /* RxTodoTests.swift */,
				1A162AB125680606004FA64A /* Info.plist */,
			);
			path = RxTodoTests;
			sourceTree = "<group>";
		};
		1A162AB925680606004FA64A /* RxTodoUITests */ = {
			isa = PBXGroup;
			children = (
				1A162ABA25680606004FA64A /* RxTodoUITests.swift */,
				1A162ABC25680606004FA64A /* Info.plist */,
			);
			path = RxTodoUITests;
			sourceTree = "<group>";
		};
		1A162AE8256808ED004FA64A /* Controllers */ = {
			isa = PBXGroup;
			children = (
				1A162A9C25680603004FA64A /* TodoListViewController.swift */,
				1A77503A2568DD8000DE0AE6 /* TodoDetailViewController.swift */,
			);
			path = Controllers;
			sourceTree = "<group>";
		};
		1A162AE9256808FF004FA64A /* Models */ = {
			isa = PBXGroup;
			children = (
				1A162AEA25680925004FA64A /* TodoItem.swift */,
			);
			path = Models;
			sourceTree = "<group>";
		};
		1A7B44ED25680C3D00A58ACE /* Helpers */ = {
			isa = PBXGroup;
			children = (
				1A711E252568F73F00440750 /* TodoListTableView.swift */,
				1A711E2A2568F78E00440750 /* TodoListViewConfingure.swift */,
			);
			path = Helpers;
			sourceTree = "<group>";
		};
		540A13C2C728153D4A28C5D0 /* Pods */ = {
			isa = PBXGroup;
			children = (
				42E4B12EB12186ABE0DDD6E9 /* Pods-RxTodo.debug.xcconfig */,
				1E3FC948756B69286135357E /* Pods-RxTodo.release.xcconfig */,
			);
			path = Pods;
			sourceTree = "<group>";
		};
		8F5D8188ABFC80CB49169DF3 /* Frameworks */ = {
			isa = PBXGroup;
			children = (
				C014706F3E0C9E8BF8FA8E16 /* Pods_RxTodo.framework */,
			);
			name = Frameworks;
			sourceTree = "<group>";
		};
/* End PBXGroup section */

/* Begin PBXNativeTarget section */
		1A162A9425680603004FA64A /* RxTodo */ = {
			isa = PBXNativeTarget;
			buildConfigurationList = 1A162ABF25680606004FA64A /* Build configuration list for PBXNativeTarget "RxTodo" */;
			buildPhases = (
				7516FB73B2A6081289F936A2 /* [CP] Check Pods Manifest.lock */,
				1A162A9125680603004FA64A /* Sources */,
				1A162A9225680603004FA64A /* Frameworks */,
				1A162A9325680603004FA64A /* Resources */,
				BB43C09C3AEE1270B7010F19 /* [CP] Embed Pods Frameworks */,
			);
			buildRules = (
			);
			dependencies = (
			);
			name = RxTodo;
			productName = RxTodo;
			productReference = 1A162A9525680603004FA64A /* RxTodo.app */;
			productType = "com.apple.product-type.application";
		};
		1A162AAA25680606004FA64A /* RxTodoTests */ = {
			isa = PBXNativeTarget;
			buildConfigurationList = 1A162AC225680606004FA64A /* Build configuration list for PBXNativeTarget "RxTodoTests" */;
			buildPhases = (
				1A162AA725680606004FA64A /* Sources */,
				1A162AA825680606004FA64A /* Frameworks */,
				1A162AA925680606004FA64A /* Resources */,
			);
			buildRules = (
			);
			dependencies = (
				1A162AAD25680606004FA64A /* PBXTargetDependency */,
			);
			name = RxTodoTests;
			productName = RxTodoTests;
			productReference = 1A162AAB25680606004FA64A /* RxTodoTests.xctest */;
			productType = "com.apple.product-type.bundle.unit-test";
		};
		1A162AB525680606004FA64A /* RxTodoUITests */ = {
			isa = PBXNativeTarget;
			buildConfigurationList = 1A162AC525680606004FA64A /* Build configuration list for PBXNativeTarget "RxTodoUITests" */;
			buildPhases = (
				1A162AB225680606004FA64A /* Sources */,
				1A162AB325680606004FA64A /* Frameworks */,
				1A162AB425680606004FA64A /* Resources */,
			);
			buildRules = (
			);
			dependencies = (
				1A162AB825680606004FA64A /* PBXTargetDependency */,
			);
			name = RxTodoUITests;
			productName = RxTodoUITests;
			productReference = 1A162AB625680606004FA64A /* RxTodoUITests.xctest */;
			productType = "com.apple.product-type.bundle.ui-testing";
		};
/* End PBXNativeTarget section */

/* Begin PBXProject section */
		1A162A8D25680603004FA64A /* Project object */ = {
			isa = PBXProject;
			attributes = {
				LastSwiftUpdateCheck = 1220;
				LastUpgradeCheck = 1220;
				TargetAttributes = {
					1A162A9425680603004FA64A = {
						CreatedOnToolsVersion = 12.2;
					};
					1A162AAA25680606004FA64A = {
						CreatedOnToolsVersion = 12.2;
						TestTargetID = 1A162A9425680603004FA64A;
					};
					1A162AB525680606004FA64A = {
						CreatedOnToolsVersion = 12.2;
						TestTargetID = 1A162A9425680603004FA64A;
					};
				};
			};
			buildConfigurationList = 1A162A9025680603004FA64A /* Build configuration list for PBXProject "RxTodo" */;
			compatibilityVersion = "Xcode 9.3";
			developmentRegion = en;
			hasScannedForEncodings = 0;
			knownRegions = (
				en,
				Base,
			);
			mainGroup = 1A162A8C25680603004FA64A;
			productRefGroup = 1A162A9625680603004FA64A /* Products */;
			projectDirPath = "";
			projectRoot = "";
			targets = (
				1A162A9425680603004FA64A /* RxTodo */,
				1A162AAA25680606004FA64A /* RxTodoTests */,
				1A162AB525680606004FA64A /* RxTodoUITests */,
			);
		};
/* End PBXProject section */

/* Begin PBXResourcesBuildPhase section */
		1A162A9325680603004FA64A /* Resources */ = {
			isa = PBXResourcesBuildPhase;
			buildActionMask = 2147483647;
			files = (
				1A162ADB256806D1004FA64A /* Main.storyboard in Resources */,
				1A162AE1256806DB004FA64A /* Assets.xcassets in Resources */,
				1A162ADC256806D1004FA64A /* LaunchScreen.storyboard in Resources */,
			);
			runOnlyForDeploymentPostprocessing = 0;
		};
		1A162AA925680606004FA64A /* Resources */ = {
			isa = PBXResourcesBuildPhase;
			buildActionMask = 2147483647;
			files = (
			);
			runOnlyForDeploymentPostprocessing = 0;
		};
		1A162AB425680606004FA64A /* Resources */ = {
			isa = PBXResourcesBuildPhase;
			buildActionMask = 2147483647;
			files = (
			);
			runOnlyForDeploymentPostprocessing = 0;
		};
/* End PBXResourcesBuildPhase section */

/* Begin PBXShellScriptBuildPhase section */
		7516FB73B2A6081289F936A2 /* [CP] Check Pods Manifest.lock */ = {
			isa = PBXShellScriptBuildPhase;
			buildActionMask = 2147483647;
			files = (
			);
			inputFileListPaths = (
			);
			inputPaths = (
				"${PODS_PODFILE_DIR_PATH}/Podfile.lock",
				"${PODS_ROOT}/Manifest.lock",
			);
			name = "[CP] Check Pods Manifest.lock";
			outputFileListPaths = (
			);
			outputPaths = (
				"$(DERIVED_FILE_DIR)/Pods-RxTodo-checkManifestLockResult.txt",
			);
			runOnlyForDeploymentPostprocessing = 0;
			shellPath = /bin/sh;
			shellScript = "diff \"${PODS_PODFILE_DIR_PATH}/Podfile.lock\" \"${PODS_ROOT}/Manifest.lock\" > /dev/null\nif [ $? != 0 ] ; then\n    # print error to STDERR\n    echo \"error: The sandbox is not in sync with the Podfile.lock. Run 'pod install' or update your CocoaPods installation.\" >&2\n    exit 1\nfi\n# This output is used by Xcode 'outputs' to avoid re-running this script phase.\necho \"SUCCESS\" > \"${SCRIPT_OUTPUT_FILE_0}\"\n";
			showEnvVarsInLog = 0;
		};
		BB43C09C3AEE1270B7010F19 /* [CP] Embed Pods Frameworks */ = {
			isa = PBXShellScriptBuildPhase;
			buildActionMask = 2147483647;
			files = (
			);
			inputFileListPaths = (
				"${PODS_ROOT}/Target Support Files/Pods-RxTodo/Pods-RxTodo-frameworks-${CONFIGURATION}-input-files.xcfilelist",
			);
			name = "[CP] Embed Pods Frameworks";
			outputFileListPaths = (
				"${PODS_ROOT}/Target Support Files/Pods-RxTodo/Pods-RxTodo-frameworks-${CONFIGURATION}-output-files.xcfilelist",
			);
			runOnlyForDeploymentPostprocessing = 0;
			shellPath = /bin/sh;
			shellScript = "\"${PODS_ROOT}/Target Support Files/Pods-RxTodo/Pods-RxTodo-frameworks.sh\"\n";
			showEnvVarsInLog = 0;
		};
/* End PBXShellScriptBuildPhase section */

/* Begin PBXSourcesBuildPhase section */
		1A162A9125680603004FA64A /* Sources */ = {
			isa = PBXSourcesBuildPhase;
			buildActionMask = 2147483647;
			files = (
				1A162A9D25680603004FA64A /* TodoListViewController.swift in Sources */,
				1A162A9925680603004FA64A /* AppDelegate.swift in Sources */,
				1A77503B2568DD8000DE0AE6 /* TodoDetailViewController.swift in Sources */,
				1A711E2B2568F78E00440750 /* TodoListViewConfingure.swift in Sources */,
				1A162AEB25680925004FA64A /* TodoItem.swift in Sources */,
				1A162A9B25680603004FA64A /* SceneDelegate.swift in Sources */,
				1A711E262568F73F00440750 /* TodoListTableView.swift in Sources */,
			);
			runOnlyForDeploymentPostprocessing = 0;
		};
		1A162AA725680606004FA64A /* Sources */ = {
			isa = PBXSourcesBuildPhase;
			buildActionMask = 2147483647;
			files = (
				1A162AB025680606004FA64A /* RxTodoTests.swift in Sources */,
			);
			runOnlyForDeploymentPostprocessing = 0;
		};
		1A162AB225680606004FA64A /* Sources */ = {
			isa = PBXSourcesBuildPhase;
			buildActionMask = 2147483647;
			files = (
				1A162ABB25680606004FA64A /* RxTodoUITests.swift in Sources */,
			);
			runOnlyForDeploymentPostprocessing = 0;
		};
/* End PBXSourcesBuildPhase section */

/* Begin PBXTargetDependency section */
		1A162AAD25680606004FA64A /* PBXTargetDependency */ = {
			isa = PBXTargetDependency;
			target = 1A162A9425680603004FA64A /* RxTodo */;
			targetProxy = 1A162AAC25680606004FA64A /* PBXContainerItemProxy */;
		};
		1A162AB825680606004FA64A /* PBXTargetDependency */ = {
			isa = PBXTargetDependency;
			target = 1A162A9425680603004FA64A /* RxTodo */;
			targetProxy = 1A162AB725680606004FA64A /* PBXContainerItemProxy */;
		};
/* End PBXTargetDependency section */

/* Begin XCBuildConfiguration section */
		1A162ABD25680606004FA64A /* Debug */ = {
			isa = XCBuildConfiguration;
			buildSettings = {
				ALWAYS_SEARCH_USER_PATHS = NO;
				CLANG_ANALYZER_NONNULL = YES;
				CLANG_ANALYZER_NUMBER_OBJECT_CONVERSION = YES_AGGRESSIVE;
				CLANG_CXX_LANGUAGE_STANDARD = "gnu++14";
				CLANG_CXX_LIBRARY = "libc++";
				CLANG_ENABLE_MODULES = YES;
				CLANG_ENABLE_OBJC_ARC = YES;
				CLANG_ENABLE_OBJC_WEAK = YES;
				CLANG_WARN_BLOCK_CAPTURE_AUTORELEASING = YES;
				CLANG_WARN_BOOL_CONVERSION = YES;
				CLANG_WARN_COMMA = YES;
				CLANG_WARN_CONSTANT_CONVERSION = YES;
				CLANG_WARN_DEPRECATED_OBJC_IMPLEMENTATIONS = YES;
				CLANG_WARN_DIRECT_OBJC_ISA_USAGE = YES_ERROR;
				CLANG_WARN_DOCUMENTATION_COMMENTS = YES;
				CLANG_WARN_EMPTY_BODY = YES;
				CLANG_WARN_ENUM_CONVERSION = YES;
				CLANG_WARN_INFINITE_RECURSION = YES;
				CLANG_WARN_INT_CONVERSION = YES;
				CLANG_WARN_NON_LITERAL_NULL_CONVERSION = YES;
				CLANG_WARN_OBJC_IMPLICIT_RETAIN_SELF = YES;
				CLANG_WARN_OBJC_LITERAL_CONVERSION = YES;
				CLANG_WARN_OBJC_ROOT_CLASS = YES_ERROR;
				CLANG_WARN_QUOTED_INCLUDE_IN_FRAMEWORK_HEADER = YES;
				CLANG_WARN_RANGE_LOOP_ANALYSIS = YES;
				CLANG_WARN_STRICT_PROTOTYPES = YES;
				CLANG_WARN_SUSPICIOUS_MOVE = YES;
				CLANG_WARN_UNGUARDED_AVAILABILITY = YES_AGGRESSIVE;
				CLANG_WARN_UNREACHABLE_CODE = YES;
				CLANG_WARN__DUPLICATE_METHOD_MATCH = YES;
				COPY_PHASE_STRIP = NO;
				DEBUG_INFORMATION_FORMAT = dwarf;
				ENABLE_STRICT_OBJC_MSGSEND = YES;
				ENABLE_TESTABILITY = YES;
				GCC_C_LANGUAGE_STANDARD = gnu11;
				GCC_DYNAMIC_NO_PIC = NO;
				GCC_NO_COMMON_BLOCKS = YES;
				GCC_OPTIMIZATION_LEVEL = 0;
				GCC_PREPROCESSOR_DEFINITIONS = (
					"DEBUG=1",
					"$(inherited)",
				);
				GCC_WARN_64_TO_32_BIT_CONVERSION = YES;
				GCC_WARN_ABOUT_RETURN_TYPE = YES_ERROR;
				GCC_WARN_UNDECLARED_SELECTOR = YES;
				GCC_WARN_UNINITIALIZED_AUTOS = YES_AGGRESSIVE;
				GCC_WARN_UNUSED_FUNCTION = YES;
				GCC_WARN_UNUSED_VARIABLE = YES;
				IPHONEOS_DEPLOYMENT_TARGET = 14.2;
				MTL_ENABLE_DEBUG_INFO = INCLUDE_SOURCE;
				MTL_FAST_MATH = YES;
				ONLY_ACTIVE_ARCH = YES;
				SDKROOT = iphoneos;
				SWIFT_ACTIVE_COMPILATION_CONDITIONS = DEBUG;
				SWIFT_OPTIMIZATION_LEVEL = "-Onone";
			};
			name = Debug;
		};
		1A162ABE25680606004FA64A /* Release */ = {
			isa = XCBuildConfiguration;
			buildSettings = {
				ALWAYS_SEARCH_USER_PATHS = NO;
				CLANG_ANALYZER_NONNULL = YES;
				CLANG_ANALYZER_NUMBER_OBJECT_CONVERSION = YES_AGGRESSIVE;
				CLANG_CXX_LANGUAGE_STANDARD = "gnu++14";
				CLANG_CXX_LIBRARY = "libc++";
				CLANG_ENABLE_MODULES = YES;
				CLANG_ENABLE_OBJC_ARC = YES;
				CLANG_ENABLE_OBJC_WEAK = YES;
				CLANG_WARN_BLOCK_CAPTURE_AUTORELEASING = YES;
				CLANG_WARN_BOOL_CONVERSION = YES;
				CLANG_WARN_COMMA = YES;
				CLANG_WARN_CONSTANT_CONVERSION = YES;
				CLANG_WARN_DEPRECATED_OBJC_IMPLEMENTATIONS = YES;
				CLANG_WARN_DIRECT_OBJC_ISA_USAGE = YES_ERROR;
				CLANG_WARN_DOCUMENTATION_COMMENTS = YES;
				CLANG_WARN_EMPTY_BODY = YES;
				CLANG_WARN_ENUM_CONVERSION = YES;
				CLANG_WARN_INFINITE_RECURSION = YES;
				CLANG_WARN_INT_CONVERSION = YES;
				CLANG_WARN_NON_LITERAL_NULL_CONVERSION = YES;
				CLANG_WARN_OBJC_IMPLICIT_RETAIN_SELF = YES;
				CLANG_WARN_OBJC_LITERAL_CONVERSION = YES;
				CLANG_WARN_OBJC_ROOT_CLASS = YES_ERROR;
				CLANG_WARN_QUOTED_INCLUDE_IN_FRAMEWORK_HEADER = YES;
				CLANG_WARN_RANGE_LOOP_ANALYSIS = YES;
				CLANG_WARN_STRICT_PROTOTYPES = YES;
				CLANG_WARN_SUSPICIOUS_MOVE = YES;
				CLANG_WARN_UNGUARDED_AVAILABILITY = YES_AGGRESSIVE;
				CLANG_WARN_UNREACHABLE_CODE = YES;
				CLANG_WARN__DUPLICATE_METHOD_MATCH = YES;
				COPY_PHASE_STRIP = NO;
				DEBUG_INFORMATION_FORMAT = "dwarf-with-dsym";
				ENABLE_NS_ASSERTIONS = NO;
				ENABLE_STRICT_OBJC_MSGSEND = YES;
				GCC_C_LANGUAGE_STANDARD = gnu11;
				GCC_NO_COMMON_BLOCKS = YES;
				GCC_WARN_64_TO_32_BIT_CONVERSION = YES;
				GCC_WARN_ABOUT_RETURN_TYPE = YES_ERROR;
				GCC_WARN_UNDECLARED_SELECTOR = YES;
				GCC_WARN_UNINITIALIZED_AUTOS = YES_AGGRESSIVE;
				GCC_WARN_UNUSED_FUNCTION = YES;
				GCC_WARN_UNUSED_VARIABLE = YES;
				IPHONEOS_DEPLOYMENT_TARGET = 14.2;
				MTL_ENABLE_DEBUG_INFO = NO;
				MTL_FAST_MATH = YES;
				SDKROOT = iphoneos;
				SWIFT_COMPILATION_MODE = wholemodule;
				SWIFT_OPTIMIZATION_LEVEL = "-O";
				VALIDATE_PRODUCT = YES;
			};
			name = Release;
		};
		1A162AC025680606004FA64A /* Debug */ = {
			isa = XCBuildConfiguration;
			baseConfigurationReference = 42E4B12EB12186ABE0DDD6E9 /* Pods-RxTodo.debug.xcconfig */;
			buildSettings = {
				ASSETCATALOG_COMPILER_APPICON_NAME = AppIcon;
				ASSETCATALOG_COMPILER_GLOBAL_ACCENT_COLOR_NAME = AccentColor;
				CODE_SIGN_STYLE = Automatic;
				DEVELOPMENT_TEAM = D67VC378K4;
				INFOPLIST_FILE = RxTodo/Info.plist;
				IPHONEOS_DEPLOYMENT_TARGET = 13.0;
				LD_RUNPATH_SEARCH_PATHS = (
					"$(inherited)",
					"@executable_path/Frameworks",
				);
				PRODUCT_BUNDLE_IDENTIFIER = team.redrock.RxTodo;
				PRODUCT_NAME = "$(TARGET_NAME)";
				SWIFT_VERSION = 5.0;
				TARGETED_DEVICE_FAMILY = "1,2";
			};
			name = Debug;
		};
		1A162AC125680606004FA64A /* Release */ = {
			isa = XCBuildConfiguration;
			baseConfigurationReference = 1E3FC948756B69286135357E /* Pods-RxTodo.release.xcconfig */;
			buildSettings = {
				ASSETCATALOG_COMPILER_APPICON_NAME = AppIcon;
				ASSETCATALOG_COMPILER_GLOBAL_ACCENT_COLOR_NAME = AccentColor;
				CODE_SIGN_STYLE = Automatic;
				DEVELOPMENT_TEAM = D67VC378K4;
				INFOPLIST_FILE = RxTodo/Info.plist;
				IPHONEOS_DEPLOYMENT_TARGET = 13.0;
				LD_RUNPATH_SEARCH_PATHS = (
					"$(inherited)",
					"@executable_path/Frameworks",
				);
				PRODUCT_BUNDLE_IDENTIFIER = team.redrock.RxTodo;
				PRODUCT_NAME = "$(TARGET_NAME)";
				SWIFT_VERSION = 5.0;
				TARGETED_DEVICE_FAMILY = "1,2";
			};
			name = Release;
		};
		1A162AC325680606004FA64A /* Debug */ = {
			isa = XCBuildConfiguration;
			buildSettings = {
				ALWAYS_EMBED_SWIFT_STANDARD_LIBRARIES = YES;
				BUNDLE_LOADER = "$(TEST_HOST)";
				CODE_SIGN_STYLE = Automatic;
				DEVELOPMENT_TEAM = D67VC378K4;
				INFOPLIST_FILE = RxTodoTests/Info.plist;
				IPHONEOS_DEPLOYMENT_TARGET = 14.2;
				LD_RUNPATH_SEARCH_PATHS = (
					"$(inherited)",
					"@executable_path/Frameworks",
					"@loader_path/Frameworks",
				);
				PRODUCT_BUNDLE_IDENTIFIER = team.redrock.RxTodoTests;
				PRODUCT_NAME = "$(TARGET_NAME)";
				SWIFT_VERSION = 5.0;
				TARGETED_DEVICE_FAMILY = "1,2";
				TEST_HOST = "$(BUILT_PRODUCTS_DIR)/RxTodo.app/RxTodo";
			};
			name = Debug;
		};
		1A162AC425680606004FA64A /* Release */ = {
			isa = XCBuildConfiguration;
			buildSettings = {
				ALWAYS_EMBED_SWIFT_STANDARD_LIBRARIES = YES;
				BUNDLE_LOADER = "$(TEST_HOST)";
				CODE_SIGN_STYLE = Automatic;
				DEVELOPMENT_TEAM = D67VC378K4;
				INFOPLIST_FILE = RxTodoTests/Info.plist;
				IPHONEOS_DEPLOYMENT_TARGET = 14.2;
				LD_RUNPATH_SEARCH_PATHS = (
					"$(inherited)",
					"@executable_path/Frameworks",
					"@loader_path/Frameworks",
				);
				PRODUCT_BUNDLE_IDENTIFIER = team.redrock.RxTodoTests;
				PRODUCT_NAME = "$(TARGET_NAME)";
				SWIFT_VERSION = 5.0;
				TARGETED_DEVICE_FAMILY = "1,2";
				TEST_HOST = "$(BUILT_PRODUCTS_DIR)/RxTodo.app/RxTodo";
			};
			name = Release;
		};
		1A162AC625680606004FA64A /* Debug */ = {
			isa = XCBuildConfiguration;
			buildSettings = {
				ALWAYS_EMBED_SWIFT_STANDARD_LIBRARIES = YES;
				CODE_SIGN_STYLE = Automatic;
				DEVELOPMENT_TEAM = D67VC378K4;
				INFOPLIST_FILE = RxTodoUITests/Info.plist;
				LD_RUNPATH_SEARCH_PATHS = (
					"$(inherited)",
					"@executable_path/Frameworks",
					"@loader_path/Frameworks",
				);
				PRODUCT_BUNDLE_IDENTIFIER = team.redrock.RxTodoUITests;
				PRODUCT_NAME = "$(TARGET_NAME)";
				SWIFT_VERSION = 5.0;
				TARGETED_DEVICE_FAMILY = "1,2";
				TEST_TARGET_NAME = RxTodo;
			};
			name = Debug;
		};
		1A162AC725680606004FA64A /* Release */ = {
			isa = XCBuildConfiguration;
			buildSettings = {
				ALWAYS_EMBED_SWIFT_STANDARD_LIBRARIES = YES;
				CODE_SIGN_STYLE = Automatic;
				DEVELOPMENT_TEAM = D67VC378K4;
				INFOPLIST_FILE = RxTodoUITests/Info.plist;
				LD_RUNPATH_SEARCH_PATHS = (
					"$(inherited)",
					"@executable_path/Frameworks",
					"@loader_path/Frameworks",
				);
				PRODUCT_BUNDLE_IDENTIFIER = team.redrock.RxTodoUITests;
				PRODUCT_NAME = "$(TARGET_NAME)";
				SWIFT_VERSION = 5.0;
				TARGETED_DEVICE_FAMILY = "1,2";
				TEST_TARGET_NAME = RxTodo;
			};
			name = Release;
		};
/* End XCBuildConfiguration section */

/* Begin XCConfigurationList section */
		1A162A9025680603004FA64A /* Build configuration list for PBXProject "RxTodo" */ = {
			isa = XCConfigurationList;
			buildConfigurations = (
				1A162ABD25680606004FA64A /* Debug */,
				1A162ABE25680606004FA64A /* Release */,
			);
			defaultConfigurationIsVisible = 0;
			defaultConfigurationName = Release;
		};
		1A162ABF25680606004FA64A /* Build configuration list for PBXNativeTarget "RxTodo" */ = {
			isa = XCConfigurationList;
			buildConfigurations = (
				1A162AC025680606004FA64A /* Debug */,
				1A162AC125680606004FA64A /* Release */,
			);
			defaultConfigurationIsVisible = 0;
			defaultConfigurationName = Release;
		};
		1A162AC225680606004FA64A /* Build configuration list for PBXNativeTarget "RxTodoTests" */ = {
			isa = XCConfigurationList;
			buildConfigurations = (
				1A162AC325680606004FA64A /* Debug */,
				1A162AC425680606004FA64A /* Release */,
			);
			defaultConfigurationIsVisible = 0;
			defaultConfigurationName = Release;
		};
		1A162AC525680606004FA64A /* Build configuration list for PBXNativeTarget "RxTodoUITests" */ = {
			isa = XCConfigurationList;
			buildConfigurations = (
				1A162AC625680606004FA64A /* Debug */,
				1A162AC725680606004FA64A /* Release */,
			);
			defaultConfigurationIsVisible = 0;
			defaultConfigurationName = Release;
		};
/* End XCConfigurationList section */
	};
	rootObject = 1A162A8D25680603004FA64A /* Project object */;
}
